// !$*UTF8*$!
{
	archiveVersion = 1;
	classes = {
	};
	objectVersion = 60;
	objects = {

/* Begin PBXBuildFile section */
		BF0000010000000000000001 /* HabitAppApp.swift in Sources */ = {isa = PBXBuildFile; fileRef = BF0001010000000000000001 /* HabitAppApp.swift */; };
		BF0000010000000000000002 /* ContentView.swift in Sources */ = {isa = PBXBuildFile; fileRef = BF0001010000000000000002 /* ContentView.swift */; };
		BF0000010000000000000003 /* PreviewContainer.swift in Sources */ = {isa = PBXBuildFile; fileRef = BF0001010000000000000003 /* PreviewContainer.swift */; };
		BF0000010000000000000004 /* Habit.swift in Sources */ = {isa = PBXBuildFile; fileRef = BF0001010000000000000004 /* Habit.swift */; };
		BF0000010000000000000005 /* CheckIn.swift in Sources */ = {isa = PBXBuildFile; fileRef = BF0001010000000000000005 /* CheckIn.swift */; };
		BF0000010000000000000006 /* MealEntry.swift in Sources */ = {isa = PBXBuildFile; fileRef = BF0001010000000000000006 /* MealEntry.swift */; };
		BF0000010000000000000007 /* HabitStore.swift in Sources */ = {isa = PBXBuildFile; fileRef = BF0001010000000000000007 /* HabitStore.swift */; };
		BF0000010000000000000008 /* NotificationService.swift in Sources */ = {isa = PBXBuildFile; fileRef = BF0001010000000000000008 /* NotificationService.swift */; };
		BF0000010000000000000009 /* TodayView.swift in Sources */ = {isa = PBXBuildFile; fileRef = BF0001010000000000000009 /* TodayView.swift */; };
		BF000001000000000000000A /* HabitCardView.swift in Sources */ = {isa = PBXBuildFile; fileRef = BF000101000000000000000A /* HabitCardView.swift */; };
		BF000001000000000000000B /* HabitListView.swift in Sources */ = {isa = PBXBuildFile; fileRef = BF000101000000000000000B /* HabitListView.swift */; };
		BF000001000000000000000C /* HabitEditView.swift in Sources */ = {isa = PBXBuildFile; fileRef = BF000101000000000000000C /* HabitEditView.swift */; };
		BF000001000000000000000D /* HistoryView.swift in Sources */ = {isa = PBXBuildFile; fileRef = BF000101000000000000000D /* HistoryView.swift */; };
		BF000001000000000000000E /* SettingsView.swift in Sources */ = {isa = PBXBuildFile; fileRef = BF000101000000000000000E /* SettingsView.swift */; };
		BF000001000000000000000F /* Assets.xcassets in Resources */ = {isa = PBXBuildFile; fileRef = BF000101000000000000000F /* Assets.xcassets */; };
		BF0000010000000000000012 /* ClaudeVisionService.swift in Sources */ = {isa = PBXBuildFile; fileRef = BF0001010000000000000012 /* ClaudeVisionService.swift */; };
		BF0000010000000000000013 /* KeychainHelper.swift in Sources */ = {isa = PBXBuildFile; fileRef = BF0001010000000000000013 /* KeychainHelper.swift */; };
		BF0000010000000000000014 /* MealResultView.swift in Sources */ = {isa = PBXBuildFile; fileRef = BF0001010000000000000014 /* MealResultView.swift */; };
		BF0000010000000000000015 /* DailyBrief.swift in Sources */ = {isa = PBXBuildFile; fileRef = BF0001010000000000000015 /* DailyBrief.swift */; };
		BF0000010000000000000016 /* HealthKitService.swift in Sources */ = {isa = PBXBuildFile; fileRef = BF0001010000000000000016 /* HealthKitService.swift */; };
		BF0000010000000000000017 /* DailyBriefService.swift in Sources */ = {isa = PBXBuildFile; fileRef = BF0001010000000000000017 /* DailyBriefService.swift */; };
		BF0000010000000000000018 /* DecathlonView.swift in Sources */ = {isa = PBXBuildFile; fileRef = BF0001010000000000000018 /* DecathlonView.swift */; };
		BF0000010000000000000019 /* WeeklyReview.swift in Sources */ = {isa = PBXBuildFile; fileRef = BF0001010000000000000019 /* WeeklyReview.swift */; };
		BF000001000000000000001A /* OnboardingFlow.swift in Sources */ = {isa = PBXBuildFile; fileRef = BF000101000000000000001A /* OnboardingFlow.swift */; };
		BF000001000000000000001B /* WeeklyReviewService.swift in Sources */ = {isa = PBXBuildFile; fileRef = BF000101000000000000001B /* WeeklyReviewService.swift */; };
		BF000001000000000000001C /* WeeklyReviewBanner.swift in Sources */ = {isa = PBXBuildFile; fileRef = BF000101000000000000001C /* WeeklyReviewBanner.swift */; };
		BF000001000000000000001D /* RecoveryService.swift in Sources */ = {isa = PBXBuildFile; fileRef = BF000101000000000000001D /* RecoveryService.swift */; };
		BF000001000000000000001E /* BreathSessionView.swift in Sources */ = {isa = PBXBuildFile; fileRef = BF000101000000000000001E /* BreathSessionView.swift */; };
		BF000001000000000000001F /* HabitPack.swift in Sources */ = {isa = PBXBuildFile; fileRef = BF000101000000000000001F /* HabitPack.swift */; };
		BF0000010000000000000020 /* EntitlementService.swift in Sources */ = {isa = PBXBuildFile; fileRef = BF0001010000000000000020 /* EntitlementService.swift */; };
		BF0000010000000000000021 /* HabitPackLibraryView.swift in Sources */ = {isa = PBXBuildFile; fileRef = BF0001010000000000000021 /* HabitPackLibraryView.swift */; };
		BF0000010000000000000022 /* PaywallView.swift in Sources */ = {isa = PBXBuildFile; fileRef = BF0001010000000000000022 /* PaywallView.swift */; };
		BF0000010000000000000023 /* CoachMemory.swift in Sources */ = {isa = PBXBuildFile; fileRef = BF0001010000000000000023 /* CoachMemory.swift */; };
		BF0000010000000000000024 /* CoachMemoryView.swift in Sources */ = {isa = PBXBuildFile; fileRef = BF0001010000000000000024 /* CoachMemoryView.swift */; };
		BF0000010000000000000025 /* AppLanguage.swift in Sources */ = {isa = PBXBuildFile; fileRef = BF0001010000000000000025 /* AppLanguage.swift */; };
/* End PBXBuildFile section */

/* Begin PBXFileReference section */
		BF0001010000000000000000 /* HabitApp.app */ = {isa = PBXFileReference; explicitFileType = wrapper.application; includeInIndex = 0; path = HabitApp.app; sourceTree = BUILT_PRODUCTS_DIR; };
		BF0001010000000000000001 /* HabitAppApp.swift */ = {isa = PBXFileReference; lastKnownFileType = sourcecode.swift; path = HabitAppApp.swift; sourceTree = "<group>"; };
		BF0001010000000000000002 /* ContentView.swift */ = {isa = PBXFileReference; lastKnownFileType = sourcecode.swift; path = ContentView.swift; sourceTree = "<group>"; };
		BF0001010000000000000003 /* PreviewContainer.swift */ = {isa = PBXFileReference; lastKnownFileType = sourcecode.swift; path = PreviewContainer.swift; sourceTree = "<group>"; };
		BF0001010000000000000004 /* Habit.swift */ = {isa = PBXFileReference; lastKnownFileType = sourcecode.swift; path = Habit.swift; sourceTree = "<group>"; };
		BF0001010000000000000005 /* CheckIn.swift */ = {isa = PBXFileReference; lastKnownFileType = sourcecode.swift; path = CheckIn.swift; sourceTree = "<group>"; };
		BF0001010000000000000006 /* MealEntry.swift */ = {isa = PBXFileReference; lastKnownFileType = sourcecode.swift; path = MealEntry.swift; sourceTree = "<group>"; };
		BF0001010000000000000007 /* HabitStore.swift */ = {isa = PBXFileReference; lastKnownFileType = sourcecode.swift; path = HabitStore.swift; sourceTree = "<group>"; };
		BF0001010000000000000008 /* NotificationService.swift */ = {isa = PBXFileReference; lastKnownFileType = sourcecode.swift; path = NotificationService.swift; sourceTree = "<group>"; };
		BF0001010000000000000009 /* TodayView.swift */ = {isa = PBXFileReference; lastKnownFileType = sourcecode.swift; path = TodayView.swift; sourceTree = "<group>"; };
		BF000101000000000000000A /* HabitCardView.swift */ = {isa = PBXFileReference; lastKnownFileType = sourcecode.swift; path = HabitCardView.swift; sourceTree = "<group>"; };
		BF000101000000000000000B /* HabitListView.swift */ = {isa = PBXFileReference; lastKnownFileType = sourcecode.swift; path = HabitListView.swift; sourceTree = "<group>"; };
		BF000101000000000000000C /* HabitEditView.swift */ = {isa = PBXFileReference; lastKnownFileType = sourcecode.swift; path = HabitEditView.swift; sourceTree = "<group>"; };
		BF000101000000000000000D /* HistoryView.swift */ = {isa = PBXFileReference; lastKnownFileType = sourcecode.swift; path = HistoryView.swift; sourceTree = "<group>"; };
		BF000101000000000000000E /* SettingsView.swift */ = {isa = PBXFileReference; lastKnownFileType = sourcecode.swift; path = SettingsView.swift; sourceTree = "<group>"; };
		BF000101000000000000000F /* Assets.xcassets */ = {isa = PBXFileReference; lastKnownFileType = folder.assetcatalog; path = Assets.xcassets; sourceTree = "<group>"; };
		BF0001010000000000000010 /* Info.plist */ = {isa = PBXFileReference; lastKnownFileType = text.plist.xml; path = Info.plist; sourceTree = "<group>"; };
		BF0001010000000000000011 /* HabitApp.entitlements */ = {isa = PBXFileReference; lastKnownFileType = text.plist.entitlements; path = HabitApp.entitlements; sourceTree = "<group>"; };
		BF0001010000000000000012 /* ClaudeVisionService.swift */ = {isa = PBXFileReference; lastKnownFileType = sourcecode.swift; path = ClaudeVisionService.swift; sourceTree = "<group>"; };
		BF0001010000000000000013 /* KeychainHelper.swift */ = {isa = PBXFileReference; lastKnownFileType = sourcecode.swift; path = KeychainHelper.swift; sourceTree = "<group>"; };
		BF0001010000000000000014 /* MealResultView.swift */ = {isa = PBXFileReference; lastKnownFileType = sourcecode.swift; path = MealResultView.swift; sourceTree = "<group>"; };
		BF0001010000000000000015 /* DailyBrief.swift */ = {isa = PBXFileReference; lastKnownFileType = sourcecode.swift; path = DailyBrief.swift; sourceTree = "<group>"; };
		BF0001010000000000000016 /* HealthKitService.swift */ = {isa = PBXFileReference; lastKnownFileType = sourcecode.swift; path = HealthKitService.swift; sourceTree = "<group>"; };
		BF0001010000000000000017 /* DailyBriefService.swift */ = {isa = PBXFileReference; lastKnownFileType = sourcecode.swift; path = DailyBriefService.swift; sourceTree = "<group>"; };
		BF0001010000000000000018 /* DecathlonView.swift */ = {isa = PBXFileReference; lastKnownFileType = sourcecode.swift; path = DecathlonView.swift; sourceTree = "<group>"; };
		BF0001010000000000000019 /* WeeklyReview.swift */ = {isa = PBXFileReference; lastKnownFileType = sourcecode.swift; path = WeeklyReview.swift; sourceTree = "<group>"; };
		BF000101000000000000001A /* OnboardingFlow.swift */ = {isa = PBXFileReference; lastKnownFileType = sourcecode.swift; path = OnboardingFlow.swift; sourceTree = "<group>"; };
		BF000101000000000000001B /* WeeklyReviewService.swift */ = {isa = PBXFileReference; lastKnownFileType = sourcecode.swift; path = WeeklyReviewService.swift; sourceTree = "<group>"; };
		BF000101000000000000001C /* WeeklyReviewBanner.swift */ = {isa = PBXFileReference; lastKnownFileType = sourcecode.swift; path = WeeklyReviewBanner.swift; sourceTree = "<group>"; };
		BF000101000000000000001D /* RecoveryService.swift */ = {isa = PBXFileReference; lastKnownFileType = sourcecode.swift; path = RecoveryService.swift; sourceTree = "<group>"; };
		BF000101000000000000001E /* BreathSessionView.swift */ = {isa = PBXFileReference; lastKnownFileType = sourcecode.swift; path = BreathSessionView.swift; sourceTree = "<group>"; };
		BF000101000000000000001F /* HabitPack.swift */ = {isa = PBXFileReference; lastKnownFileType = sourcecode.swift; path = HabitPack.swift; sourceTree = "<group>"; };
		BF0001010000000000000020 /* EntitlementService.swift */ = {isa = PBXFileReference; lastKnownFileType = sourcecode.swift; path = EntitlementService.swift; sourceTree = "<group>"; };
		BF0001010000000000000021 /* HabitPackLibraryView.swift */ = {isa = PBXFileReference; lastKnownFileType = sourcecode.swift; path = HabitPackLibraryView.swift; sourceTree = "<group>"; };
		BF0001010000000000000022 /* PaywallView.swift */ = {isa = PBXFileReference; lastKnownFileType = sourcecode.swift; path = PaywallView.swift; sourceTree = "<group>"; };
		BF0001010000000000000023 /* CoachMemory.swift */ = {isa = PBXFileReference; lastKnownFileType = sourcecode.swift; path = CoachMemory.swift; sourceTree = "<group>"; };
		BF0001010000000000000024 /* CoachMemoryView.swift */ = {isa = PBXFileReference; lastKnownFileType = sourcecode.swift; path = CoachMemoryView.swift; sourceTree = "<group>"; };
		BF0001010000000000000025 /* AppLanguage.swift */ = {isa = PBXFileReference; lastKnownFileType = sourcecode.swift; path = AppLanguage.swift; sourceTree = "<group>"; };
/* End PBXFileReference section */

/* Begin PBXFrameworksBuildPhase section */
		BF0002010000000000000001 /* Frameworks */ = {
			isa = PBXFrameworksBuildPhase;
			buildActionMask = 2147483647;
			files = (
			);
			runOnlyForDeploymentPostprocessing = 0;
		};
/* End PBXFrameworksBuildPhase section */

/* Begin PBXGroup section */
		BF0003010000000000000001 = {
			isa = PBXGroup;
			children = (
				BF0003010000000000000003 /* HabitApp */,
				BF0003010000000000000002 /* Products */,
			);
			sourceTree = "<group>";
		};
		BF0003010000000000000002 /* Products */ = {
			isa = PBXGroup;
			children = (
				BF0001010000000000000000 /* HabitApp.app */,
			);
			name = Products;
			sourceTree = "<group>";
		};
		BF0003010000000000000003 /* HabitApp */ = {
			isa = PBXGroup;
			children = (
				BF0001010000000000000001 /* HabitAppApp.swift */,
				BF0001010000000000000002 /* ContentView.swift */,
				BF0001010000000000000003 /* PreviewContainer.swift */,
				BF0003010000000000000004 /* Models */,
				BF0003010000000000000005 /* Views */,
				BF0003010000000000000006 /* Services */,
				BF000101000000000000000F /* Assets.xcassets */,
				BF0001010000000000000010 /* Info.plist */,
				BF0001010000000000000011 /* HabitApp.entitlements */,
			);
			path = HabitApp;
			sourceTree = "<group>";
		};
		BF0003010000000000000004 /* Models */ = {
			isa = PBXGroup;
			children = (
				BF0001010000000000000004 /* Habit.swift */,
				BF0001010000000000000005 /* CheckIn.swift */,
				BF0001010000000000000006 /* MealEntry.swift */,
				BF0001010000000000000015 /* DailyBrief.swift */,
				BF0001010000000000000019 /* WeeklyReview.swift */,
				BF000101000000000000001F /* HabitPack.swift */,
				BF0001010000000000000023 /* CoachMemory.swift */,
			);
			path = Models;
			sourceTree = "<group>";
		};
		BF0003010000000000000005 /* Views */ = {
			isa = PBXGroup;
			children = (
				BF0003010000000000000007 /* Today */,
				BF0003010000000000000008 /* Habits */,
				BF0003010000000000000009 /* History */,
				BF000301000000000000000A /* Settings */,
				BF000301000000000000000B /* Decathlon */,
				BF000301000000000000000C /* Onboarding */,
				BF000301000000000000000D /* Breathwork */,
				BF000301000000000000000E /* Paywall */,
			);
			path = Views;
			sourceTree = "<group>";
		};
		BF0003010000000000000006 /* Services */ = {
			isa = PBXGroup;
			children = (
				BF0001010000000000000007 /* HabitStore.swift */,
				BF0001010000000000000008 /* NotificationService.swift */,
				BF0001010000000000000012 /* ClaudeVisionService.swift */,
				BF0001010000000000000013 /* KeychainHelper.swift */,
				BF0001010000000000000016 /* HealthKitService.swift */,
				BF0001010000000000000017 /* DailyBriefService.swift */,
				BF000101000000000000001B /* WeeklyReviewService.swift */,
				BF000101000000000000001D /* RecoveryService.swift */,
				BF0001010000000000000020 /* EntitlementService.swift */,
				BF0001010000000000000025 /* AppLanguage.swift */,
			);
			path = Services;
			sourceTree = "<group>";
		};
		BF0003010000000000000007 /* Today */ = {
			isa = PBXGroup;
			children = (
				BF0001010000000000000009 /* TodayView.swift */,
				BF000101000000000000000A /* HabitCardView.swift */,
				BF0001010000000000000014 /* MealResultView.swift */,
				BF000101000000000000001C /* WeeklyReviewBanner.swift */,
			);
			path = Today;
			sourceTree = "<group>";
		};
		BF0003010000000000000008 /* Habits */ = {
			isa = PBXGroup;
			children = (
				BF000101000000000000000B /* HabitListView.swift */,
				BF000101000000000000000C /* HabitEditView.swift */,
				BF0001010000000000000021 /* HabitPackLibraryView.swift */,
			);
			path = Habits;
			sourceTree = "<group>";
		};
		BF0003010000000000000009 /* History */ = {
			isa = PBXGroup;
			children = (
				BF000101000000000000000D /* HistoryView.swift */,
			);
			path = History;
			sourceTree = "<group>";
		};
		BF000301000000000000000A /* Settings */ = {
			isa = PBXGroup;
			children = (
				BF000101000000000000000E /* SettingsView.swift */,
				BF0001010000000000000024 /* CoachMemoryView.swift */,
			);
			path = Settings;
			sourceTree = "<group>";
		};
		BF000301000000000000000B /* Decathlon */ = {
			isa = PBXGroup;
			children = (
				BF0001010000000000000018 /* DecathlonView.swift */,
			);
			path = Decathlon;
			sourceTree = "<group>";
		};
		BF000301000000000000000C /* Onboarding */ = {
			isa = PBXGroup;
			children = (
				BF000101000000000000001A /* OnboardingFlow.swift */,
			);
			path = Onboarding;
			sourceTree = "<group>";
		};
		BF000301000000000000000D /* Breathwork */ = {
			isa = PBXGroup;
			children = (
				BF000101000000000000001E /* BreathSessionView.swift */,
			);
			path = Breathwork;
			sourceTree = "<group>";
		};
		BF000301000000000000000E /* Paywall */ = {
			isa = PBXGroup;
			children = (
				BF0001010000000000000022 /* PaywallView.swift */,
			);
			path = Paywall;
			sourceTree = "<group>";
		};
/* End PBXGroup section */

/* Begin PBXNativeTarget section */
		BF0004010000000000000001 /* HabitApp */ = {
			isa = PBXNativeTarget;
			buildConfigurationList = BF0007010000000000000002 /* Build configuration list for PBXNativeTarget "HabitApp" */;
			buildPhases = (
				BF0005010000000000000001 /* Sources */,
				BF0002010000000000000001 /* Frameworks */,
				BF0006010000000000000001 /* Resources */,
			);
			buildRules = (
			);
			dependencies = (
			);
			name = HabitApp;
			productName = HabitApp;
			productReference = BF0001010000000000000000 /* HabitApp.app */;
			productType = "com.apple.product-type.application";
		};
/* End PBXNativeTarget section */

/* Begin PBXProject section */
		BF0008010000000000000001 /* Project object */ = {
			isa = PBXProject;
			attributes = {
				BuildIndependentTargetsInParallel = 1;
				LastSwiftUpdateCheck = 1600;
				LastUpgradeCheck = 2650;
				TargetAttributes = {
					BF0004010000000000000001 = {
						CreatedOnToolsVersion = 16.0;
						SystemCapabilities = {
							com.apple.iCloud = {
								enabled = 1;
							};
							com.apple.HealthKit = {
								enabled = 1;
							};
						};
					};
				};
			};
			buildConfigurationList = BF0007010000000000000001 /* Build configuration list for PBXProject "HabitApp" */;
			compatibilityVersion = "Xcode 15.0";
			developmentRegion = en;
			hasScannedForEncodings = 0;
			knownRegions = (
				en,
				Base,
			);
			mainGroup = BF0003010000000000000001;
			productRefGroup = BF0003010000000000000002 /* Products */;
			projectDirPath = "";
			projectRoot = "";
			targets = (
				BF0004010000000000000001 /* HabitApp */,
			);
		};
/* End PBXProject section */

/* Begin PBXResourcesBuildPhase section */
		BF0006010000000000000001 /* Resources */ = {
			isa = PBXResourcesBuildPhase;
			buildActionMask = 2147483647;
			files = (
				BF000001000000000000000F /* Assets.xcassets in Resources */,
			);
			runOnlyForDeploymentPostprocessing = 0;
		};
/* End PBXResourcesBuildPhase section */

/* Begin PBXSourcesBuildPhase section */
		BF0005010000000000000001 /* Sources */ = {
			isa = PBXSourcesBuildPhase;
			buildActionMask = 2147483647;
			files = (
				BF0000010000000000000001 /* HabitAppApp.swift in Sources */,
				BF0000010000000000000002 /* ContentView.swift in Sources */,
				BF0000010000000000000003 /* PreviewContainer.swift in Sources */,
				BF0000010000000000000004 /* Habit.swift in Sources */,
				BF0000010000000000000005 /* CheckIn.swift in Sources */,
				BF0000010000000000000006 /* MealEntry.swift in Sources */,
				BF0000010000000000000007 /* HabitStore.swift in Sources */,
				BF0000010000000000000008 /* NotificationService.swift in Sources */,
				BF0000010000000000000009 /* TodayView.swift in Sources */,
				BF000001000000000000000A /* HabitCardView.swift in Sources */,
				BF000001000000000000000B /* HabitListView.swift in Sources */,
				BF000001000000000000000C /* HabitEditView.swift in Sources */,
				BF000001000000000000000D /* HistoryView.swift in Sources */,
				BF000001000000000000000E /* SettingsView.swift in Sources */,
				BF0000010000000000000012 /* ClaudeVisionService.swift in Sources */,
				BF0000010000000000000013 /* KeychainHelper.swift in Sources */,
				BF0000010000000000000014 /* MealResultView.swift in Sources */,
				BF0000010000000000000015 /* DailyBrief.swift in Sources */,
				BF0000010000000000000016 /* HealthKitService.swift in Sources */,
				BF0000010000000000000017 /* DailyBriefService.swift in Sources */,
				BF0000010000000000000018 /* DecathlonView.swift in Sources */,
				BF0000010000000000000019 /* WeeklyReview.swift in Sources */,
				BF000001000000000000001A /* OnboardingFlow.swift in Sources */,
				BF000001000000000000001B /* WeeklyReviewService.swift in Sources */,
				BF000001000000000000001C /* WeeklyReviewBanner.swift in Sources */,
				BF000001000000000000001D /* RecoveryService.swift in Sources */,
				BF000001000000000000001E /* BreathSessionView.swift in Sources */,
				BF000001000000000000001F /* HabitPack.swift in Sources */,
				BF0000010000000000000020 /* EntitlementService.swift in Sources */,
				BF0000010000000000000021 /* HabitPackLibraryView.swift in Sources */,
				BF0000010000000000000022 /* PaywallView.swift in Sources */,
				BF0000010000000000000023 /* CoachMemory.swift in Sources */,
				BF0000010000000000000024 /* CoachMemoryView.swift in Sources */,
				BF0000010000000000000025 /* AppLanguage.swift in Sources */,
			);
			runOnlyForDeploymentPostprocessing = 0;
		};
/* End PBXSourcesBuildPhase section */

/* Begin XCBuildConfiguration section */
		BF0009010000000000000001 /* Debug */ = {
			isa = XCBuildConfiguration;
			buildSettings = {
				ALWAYS_SEARCH_USER_PATHS = NO;
				ASSETCATALOG_COMPILER_GENERATE_SWIFT_ASSET_SYMBOL_EXTENSIONS = YES;
				CLANG_ANALYZER_NONNULL = YES;
				CLANG_ANALYZER_NUMBER_OBJECT_CONVERSION = YES_AGGRESSIVE;
				CLANG_CXX_LANGUAGE_STANDARD = "gnu++20";
				CLANG_ENABLE_MODULES = YES;
				CLANG_ENABLE_OBJC_ARC = YES;
				CLANG_ENABLE_OBJC_WEAK = YES;
				CLANG_WARN_BLOCK_CAPTURE_AUTORELEASING = YES;
				CLANG_WARN_BOOL_CONVERSION = YES;
				CLANG_WARN_COMMA = YES;
				CLANG_WARN_CONSTANT_CONVERSION = YES;
				CLANG_WARN_DEPRECATED_OBJC_IMPLEMENTATIONS = YES;
				CLANG_WARN_DIRECT_OBJC_ISA_USAGE = YES_ERROR;
				CLANG_WARN_DOCUMENTATION_COMMENTS = YES;
				CLANG_WARN_EMPTY_BODY = YES;
				CLANG_WARN_ENUM_CONVERSION = YES;
				CLANG_WARN_INFINITE_RECURSION = YES;
				CLANG_WARN_INT_CONVERSION = YES;
				CLANG_WARN_NON_LITERAL_NULL_CONVERSION = YES;
				CLANG_WARN_OBJC_IMPLICIT_RETAIN_SELF = YES;
				CLANG_WARN_OBJC_LITERAL_CONVERSION = YES;
				CLANG_WARN_OBJC_ROOT_CLASS = YES_ERROR;
				CLANG_WARN_QUOTED_INCLUDE_IN_FRAMEWORK_HEADER = YES;
				CLANG_WARN_RANGE_LOOP_ANALYSIS = YES;
				CLANG_WARN_STRICT_PROTOTYPES = YES;
				CLANG_WARN_SUSPICIOUS_MOVE = YES;
				CLANG_WARN_UNGUARDED_AVAILABILITY = YES_AGGRESSIVE;
				CLANG_WARN_UNREACHABLE_CODE = YES;
				CLANG_WARN__DUPLICATE_METHOD_MATCH = YES;
				COPY_PHASE_STRIP = NO;
				DEBUG_INFORMATION_FORMAT = dwarf;
				ENABLE_STRICT_OBJC_MSGSEND = YES;
				ENABLE_TESTABILITY = YES;
				ENABLE_USER_SCRIPT_SANDBOXING = YES;
				GCC_C_LANGUAGE_STANDARD = gnu17;
				GCC_DYNAMIC_NO_PIC = NO;
				GCC_NO_COMMON_BLOCKS = YES;
				GCC_OPTIMIZATION_LEVEL = 0;
				GCC_PREPROCESSOR_DEFINITIONS = (
					"DEBUG=1",
					"$(inherited)",
				);
				GCC_WARN_64_TO_32_BIT_CONVERSION = YES;
				GCC_WARN_ABOUT_RETURN_TYPE = YES_ERROR;
				GCC_WARN_UNDECLARED_SELECTOR = YES;
				GCC_WARN_UNINITIALIZED_AUTOS = YES_AGGRESSIVE;
				GCC_WARN_UNUSED_FUNCTION = YES;
				GCC_WARN_UNUSED_VARIABLE = YES;
				IPHONEOS_DEPLOYMENT_TARGET = 17.0;
				MTL_ENABLE_DEBUG_INFO = INCLUDE_SOURCE;
				MTL_FAST_MATH = YES;
				ONLY_ACTIVE_ARCH = YES;
				SDKROOT = iphoneos;
				STRING_CATALOG_GENERATE_SYMBOLS = YES;
				SWIFT_ACTIVE_COMPILATION_CONDITIONS = "DEBUG $(inherited)";
				SWIFT_OPTIMIZATION_LEVEL = "-Onone";
			};
			name = Debug;
		};
		BF0009010000000000000002 /* Release */ = {
			isa = XCBuildConfiguration;
			buildSettings = {
				ALWAYS_SEARCH_USER_PATHS = NO;
				ASSETCATALOG_COMPILER_GENERATE_SWIFT_ASSET_SYMBOL_EXTENSIONS = YES;
				CLANG_ANALYZER_NONNULL = YES;
				CLANG_ANALYZER_NUMBER_OBJECT_CONVERSION = YES_AGGRESSIVE;
				CLANG_CXX_LANGUAGE_STANDARD = "gnu++20";
				CLANG_ENABLE_MODULES = YES;
				CLANG_ENABLE_OBJC_ARC = YES;
				CLANG_ENABLE_OBJC_WEAK = YES;
				CLANG_WARN_BLOCK_CAPTURE_AUTORELEASING = YES;
				CLANG_WARN_BOOL_CONVERSION = YES;
				CLANG_WARN_COMMA = YES;
				CLANG_WARN_CONSTANT_CONVERSION = YES;
				CLANG_WARN_DEPRECATED_OBJC_IMPLEMENTATIONS = YES;
				CLANG_WARN_DIRECT_OBJC_ISA_USAGE = YES_ERROR;
				CLANG_WARN_DOCUMENTATION_COMMENTS = YES;
				CLANG_WARN_EMPTY_BODY = YES;
				CLANG_WARN_ENUM_CONVERSION = YES;
				CLANG_WARN_INFINITE_RECURSION = YES;
				CLANG_WARN_INT_CONVERSION = YES;
				CLANG_WARN_NON_LITERAL_NULL_CONVERSION = YES;
				CLANG_WARN_OBJC_IMPLICIT_RETAIN_SELF = YES;
				CLANG_WARN_OBJC_LITERAL_CONVERSION = YES;
				CLANG_WARN_OBJC_ROOT_CLASS = YES_ERROR;
				CLANG_WARN_QUOTED_INCLUDE_IN_FRAMEWORK_HEADER = YES;
				CLANG_WARN_RANGE_LOOP_ANALYSIS = YES;
				CLANG_WARN_STRICT_PROTOTYPES = YES;
				CLANG_WARN_SUSPICIOUS_MOVE = YES;
				CLANG_WARN_UNGUARDED_AVAILABILITY = YES_AGGRESSIVE;
				CLANG_WARN_UNREACHABLE_CODE = YES;
				CLANG_WARN__DUPLICATE_METHOD_MATCH = YES;
				COPY_PHASE_STRIP = NO;
				DEBUG_INFORMATION_FORMAT = "dwarf-with-dsym";
				ENABLE_NS_ASSERTIONS = NO;
				ENABLE_STRICT_OBJC_MSGSEND = YES;
				ENABLE_USER_SCRIPT_SANDBOXING = YES;
				GCC_C_LANGUAGE_STANDARD = gnu17;
				GCC_NO_COMMON_BLOCKS = YES;
				GCC_WARN_64_TO_32_BIT_CONVERSION = YES;
				GCC_WARN_ABOUT_RETURN_TYPE = YES_ERROR;
				GCC_WARN_UNDECLARED_SELECTOR = YES;
				GCC_WARN_UNINITIALIZED_AUTOS = YES_AGGRESSIVE;
				GCC_WARN_UNUSED_FUNCTION = YES;
				GCC_WARN_UNUSED_VARIABLE = YES;
				IPHONEOS_DEPLOYMENT_TARGET = 17.0;
				MTL_ENABLE_DEBUG_INFO = NO;
				MTL_FAST_MATH = YES;
				SDKROOT = iphoneos;
				STRING_CATALOG_GENERATE_SYMBOLS = YES;
				SWIFT_COMPILATION_MODE = wholemodule;
				VALIDATE_PRODUCT = YES;
			};
			name = Release;
		};
		BF0009010000000000000003 /* Debug */ = {
			isa = XCBuildConfiguration;
			buildSettings = {
				ASSETCATALOG_COMPILER_GENERATE_SWIFT_ASSET_SYMBOL_EXTENSIONS = YES;
				CODE_SIGN_ENTITLEMENTS = HabitApp/HabitApp.entitlements;
				CODE_SIGN_STYLE = Automatic;
				CURRENT_PROJECT_VERSION = 1;
				DEVELOPMENT_TEAM = "";
				GENERATE_INFOPLIST_FILE = NO;
				INFOPLIST_FILE = HabitApp/Info.plist;
				IPHONEOS_DEPLOYMENT_TARGET = 17.0;
				LD_RUNPATH_SEARCH_PATHS = (
					"$(inherited)",
					"@executable_path/Frameworks",
				);
				MARKETING_VERSION = 0.1.0;
				PRODUCT_BUNDLE_IDENTIFIER = com.taofeng.habitapp;
				PRODUCT_NAME = "$(TARGET_NAME)";
				SUPPORTED_PLATFORMS = "iphoneos iphonesimulator";
				SUPPORTS_MACCATALYST = NO;
				SWIFT_EMIT_LOC_STRINGS = YES;
				SWIFT_STRICT_CONCURRENCY = minimal;
				SWIFT_VERSION = 5.10;
				TARGETED_DEVICE_FAMILY = 1;
			};
			name = Debug;
		};
		BF0009010000000000000004 /* Release */ = {
			isa = XCBuildConfiguration;
			buildSettings = {
				ASSETCATALOG_COMPILER_GENERATE_SWIFT_ASSET_SYMBOL_EXTENSIONS = YES;
				CODE_SIGN_ENTITLEMENTS = HabitApp/HabitApp.entitlements;
				CODE_SIGN_STYLE = Automatic;
				CURRENT_PROJECT_VERSION = 1;
				DEVELOPMENT_TEAM = "";
				GENERATE_INFOPLIST_FILE = NO;
				INFOPLIST_FILE = HabitApp/Info.plist;
				IPHONEOS_DEPLOYMENT_TARGET = 17.0;
				LD_RUNPATH_SEARCH_PATHS = (
					"$(inherited)",
					"@executable_path/Frameworks",
				);
				MARKETING_VERSION = 0.1.0;
				PRODUCT_BUNDLE_IDENTIFIER = com.taofeng.habitapp;
				PRODUCT_NAME = "$(TARGET_NAME)";
				SUPPORTED_PLATFORMS = "iphoneos iphonesimulator";
				SUPPORTS_MACCATALYST = NO;
				SWIFT_EMIT_LOC_STRINGS = YES;
				SWIFT_STRICT_CONCURRENCY = minimal;
				SWIFT_VERSION = 5.10;
				TARGETED_DEVICE_FAMILY = 1;
			};
			name = Release;
		};
/* End XCBuildConfiguration section */

/* Begin XCConfigurationList section */
		BF0007010000000000000001 /* Build configuration list for PBXProject "HabitApp" */ = {
			isa = XCConfigurationList;
			buildConfigurations = (
				BF0009010000000000000001 /* Debug */,
				BF0009010000000000000002 /* Release */,
			);
			defaultConfigurationIsVisible = 0;
			defaultConfigurationName = Release;
		};
		BF0007010000000000000002 /* Build configuration list for PBXNativeTarget "HabitApp" */ = {
			isa = XCConfigurationList;
			buildConfigurations = (
				BF0009010000000000000003 /* Debug */,
				BF0009010000000000000004 /* Release */,
			);
			defaultConfigurationIsVisible = 0;
			defaultConfigurationName = Release;
		};
/* End XCConfigurationList section */
	};
	rootObject = BF0008010000000000000001 /* Project object */;
}
